
Microsoft Visual Studio Solution File, Format Version 11.00
# Visual Studio 2010
# Ranorex Studio 3.1.0.0
Project("{2150E333-8FDC-42A3-9474-1A3956D46DE8}") = "Framework", "Framework", "{DB7D48C1-08B6-4E76-A9B0-C5033D120248}"
	ProjectSection(SolutionItems) = postProject
	EndProjectSection
EndProject
Project("{2150E333-8FDC-42A3-9474-1A3956D46DE8}") = "Pages", "Pages", "{07A0B6A3-F20C-4243-912E-93BB1DA354DF}"
	ProjectSection(SolutionItems) = postProject
	EndProjectSection
EndProject
Project("{2150E333-8FDC-42A3-9474-1A3956D46DE8}") = "AbstractGeneral", "AbstractGeneral", "{5C22A3BB-8E3B-4B85-BB03-3DBCFF686E8E}"
	ProjectSection(SolutionItems) = postProject
	EndProjectSection
EndProject
Project("{FAE04EC0-301F-11D3-BF4B-00C04F79EFBC}") = "PagesAbstractGeneral", "LyndaTestAutomationFramework\Framework\Pages\AbstractGeneral\PagesAbstractGeneral\PagesAbstractGeneral.csproj", "{E701375F-9B34-4EF8-9A74-39D5D3E6D77A}"
EndProject
Project("{2150E333-8FDC-42A3-9474-1A3956D46DE8}") = "ConsumerPages", "ConsumerPages", "{CBBA1DCC-1451-4A66-A850-54EDD4AEE6D9}"
	ProjectSection(SolutionItems) = postProject
	EndProjectSection
EndProject
Project("{FAE04EC0-301F-11D3-BF4B-00C04F79EFBC}") = "ConsumerPagesAbstract", "LyndaTestAutomationFramework\Framework\Pages\ConsumerPages\ConsumerPagesAbstract\ConsumerPagesAbstract.csproj", "{992E822F-BF99-42E0-A285-D94CFAC1DF6D}"
EndProject
Project("{FAE04EC0-301F-11D3-BF4B-00C04F79EFBC}") = "ConsumerPagesMain", "LyndaTestAutomationFramework\Framework\Pages\ConsumerPages\ConsumerPagesMain\ConsumerPagesMain.csproj", "{28D0F7A8-9FF8-4AB7-A7B3-279B5A84A2C7}"
EndProject
Project("{2150E333-8FDC-42A3-9474-1A3956D46DE8}") = "Utilities", "Utilities", "{5E5B24D0-2092-4DC7-8980-DDF8E8A7719E}"
	ProjectSection(SolutionItems) = postProject
	EndProjectSection
EndProject
Project("{FAE04EC0-301F-11D3-BF4B-00C04F79EFBC}") = "WebPages", "LyndaTestAutomationFramework\Framework\Utilities\WebPages\WebPages.csproj", "{DD4D570A-3317-402A-B9AF-E7CBBBAB9F1D}"
EndProject
Project("{2150E333-8FDC-42A3-9474-1A3956D46DE8}") = "BrowserTypes", "BrowserTypes", "{11D1CA96-82E8-4820-A59E-DA07C0470B0C}"
	ProjectSection(SolutionItems) = postProject
	EndProjectSection
EndProject
Project("{2150E333-8FDC-42A3-9474-1A3956D46DE8}") = "Browsers", "Browsers", "{1D50F913-DEEC-4058-8B22-AA8639E02451}"
	ProjectSection(SolutionItems) = postProject
	EndProjectSection
EndProject
Project("{FAE04EC0-301F-11D3-BF4B-00C04F79EFBC}") = "Browsers", "LyndaTestAutomationFramework\Framework\BrowserTypes\Browsers\Browsers\Browsers.csproj", "{3A1AC965-0417-49EF-9B28-E907EB7FC79A}"
EndProject
Project("{FAE04EC0-301F-11D3-BF4B-00C04F79EFBC}") = "BrowsersAbstract", "LyndaTestAutomationFramework\Framework\BrowserTypes\Browsers\BrowsersAbstract\BrowsersAbstract.csproj", "{9C28B488-4FFA-4570-9AA3-306E0E7B3C3C}"
EndProject
Project("{2150E333-8FDC-42A3-9474-1A3956D46DE8}") = "Tests", "Tests", "{05965E14-CA7F-445C-9C4B-9B19786DF3A9}"
	ProjectSection(SolutionItems) = postProject
	EndProjectSection
EndProject
Project("{2150E333-8FDC-42A3-9474-1A3956D46DE8}") = "General", "General", "{61BF0CBD-10D4-4428-BBA1-44A1DB8F307E}"
	ProjectSection(SolutionItems) = postProject
	EndProjectSection
EndProject
Project("{FAE04EC0-301F-11D3-BF4B-00C04F79EFBC}") = "General", "LyndaTestAutomationFramework\Tests\General\General.csproj", "{2FC310DA-4280-4E8E-AA9D-3449B9111F2E}"
EndProject
Project("{2150E333-8FDC-42A3-9474-1A3956D46DE8}") = "Tests", "Tests", "{477E6339-D55D-448B-990A-76D4C93ACFB4}"
	ProjectSection(SolutionItems) = postProject
	EndProjectSection
EndProject
Project("{FAE04EC0-301F-11D3-BF4B-00C04F79EFBC}") = "Tests", "LyndaTestAutomationFramework\Tests\Tests\Tests.csproj", "{E911C9AF-ECC3-48A4-B16E-C62C7BB63117}"
EndProject
Global
	GlobalSection(SolutionConfigurationPlatforms) = preSolution
		Debug|x86 = Debug|x86
		Release|x86 = Release|x86
	EndGlobalSection
	GlobalSection(ProjectConfigurationPlatforms) = postSolution
		{DD4D570A-3317-402A-B9AF-E7CBBBAB9F1D}.Debug|x86.Build.0 = Debug|Any CPU
		{DD4D570A-3317-402A-B9AF-E7CBBBAB9F1D}.Debug|x86.ActiveCfg = Debug|Any CPU
		{DD4D570A-3317-402A-B9AF-E7CBBBAB9F1D}.Release|x86.Build.0 = Release|Any CPU
		{DD4D570A-3317-402A-B9AF-E7CBBBAB9F1D}.Release|x86.ActiveCfg = Release|Any CPU
		{2FC310DA-4280-4E8E-AA9D-3449B9111F2E}.Debug|x86.Build.0 = Debug|x86
		{2FC310DA-4280-4E8E-AA9D-3449B9111F2E}.Debug|x86.ActiveCfg = Debug|x86
		{2FC310DA-4280-4E8E-AA9D-3449B9111F2E}.Release|x86.Build.0 = Release|x86
		{2FC310DA-4280-4E8E-AA9D-3449B9111F2E}.Release|x86.ActiveCfg = Release|x86
		{E911C9AF-ECC3-48A4-B16E-C62C7BB63117}.Debug|x86.Build.0 = Debug|x86
		{E911C9AF-ECC3-48A4-B16E-C62C7BB63117}.Debug|x86.ActiveCfg = Debug|x86
		{E911C9AF-ECC3-48A4-B16E-C62C7BB63117}.Release|x86.Build.0 = Release|x86
		{E911C9AF-ECC3-48A4-B16E-C62C7BB63117}.Release|x86.ActiveCfg = Release|x86
		{992E822F-BF99-42E0-A285-D94CFAC1DF6D}.Debug|x86.Build.0 = Debug|Any CPU
		{992E822F-BF99-42E0-A285-D94CFAC1DF6D}.Debug|x86.ActiveCfg = Debug|Any CPU
		{992E822F-BF99-42E0-A285-D94CFAC1DF6D}.Release|x86.Build.0 = Release|Any CPU
		{992E822F-BF99-42E0-A285-D94CFAC1DF6D}.Release|x86.ActiveCfg = Release|Any CPU
		{28D0F7A8-9FF8-4AB7-A7B3-279B5A84A2C7}.Debug|x86.Build.0 = Debug|Any CPU
		{28D0F7A8-9FF8-4AB7-A7B3-279B5A84A2C7}.Debug|x86.ActiveCfg = Debug|Any CPU
		{28D0F7A8-9FF8-4AB7-A7B3-279B5A84A2C7}.Release|x86.Build.0 = Release|Any CPU
		{28D0F7A8-9FF8-4AB7-A7B3-279B5A84A2C7}.Release|x86.ActiveCfg = Release|Any CPU
		{9C28B488-4FFA-4570-9AA3-306E0E7B3C3C}.Debug|x86.Build.0 = Debug|Any CPU
		{9C28B488-4FFA-4570-9AA3-306E0E7B3C3C}.Debug|x86.ActiveCfg = Debug|Any CPU
		{9C28B488-4FFA-4570-9AA3-306E0E7B3C3C}.Release|x86.Build.0 = Release|Any CPU
		{9C28B488-4FFA-4570-9AA3-306E0E7B3C3C}.Release|x86.ActiveCfg = Release|Any CPU
		{3A1AC965-0417-49EF-9B28-E907EB7FC79A}.Debug|x86.Build.0 = Debug|Any CPU
		{3A1AC965-0417-49EF-9B28-E907EB7FC79A}.Debug|x86.ActiveCfg = Debug|Any CPU
		{3A1AC965-0417-49EF-9B28-E907EB7FC79A}.Release|x86.Build.0 = Release|Any CPU
		{3A1AC965-0417-49EF-9B28-E907EB7FC79A}.Release|x86.ActiveCfg = Release|Any CPU
		{E701375F-9B34-4EF8-9A74-39D5D3E6D77A}.Debug|x86.Build.0 = Debug|Any CPU
		{E701375F-9B34-4EF8-9A74-39D5D3E6D77A}.Debug|x86.ActiveCfg = Debug|Any CPU
		{E701375F-9B34-4EF8-9A74-39D5D3E6D77A}.Release|x86.Build.0 = Release|Any CPU
		{E701375F-9B34-4EF8-9A74-39D5D3E6D77A}.Release|x86.ActiveCfg = Release|Any CPU
	EndGlobalSection
	GlobalSection(NestedProjects) = preSolution
		{11D1CA96-82E8-4820-A59E-DA07C0470B0C} = {DB7D48C1-08B6-4E76-A9B0-C5033D120248}
		{5E5B24D0-2092-4DC7-8980-DDF8E8A7719E} = {DB7D48C1-08B6-4E76-A9B0-C5033D120248}
		{07A0B6A3-F20C-4243-912E-93BB1DA354DF} = {DB7D48C1-08B6-4E76-A9B0-C5033D120248}
		{CBBA1DCC-1451-4A66-A850-54EDD4AEE6D9} = {07A0B6A3-F20C-4243-912E-93BB1DA354DF}
		{5C22A3BB-8E3B-4B85-BB03-3DBCFF686E8E} = {07A0B6A3-F20C-4243-912E-93BB1DA354DF}
		{E701375F-9B34-4EF8-9A74-39D5D3E6D77A} = {5C22A3BB-8E3B-4B85-BB03-3DBCFF686E8E}
		{28D0F7A8-9FF8-4AB7-A7B3-279B5A84A2C7} = {CBBA1DCC-1451-4A66-A850-54EDD4AEE6D9}
		{992E822F-BF99-42E0-A285-D94CFAC1DF6D} = {CBBA1DCC-1451-4A66-A850-54EDD4AEE6D9}
		{DD4D570A-3317-402A-B9AF-E7CBBBAB9F1D} = {5E5B24D0-2092-4DC7-8980-DDF8E8A7719E}
		{1D50F913-DEEC-4058-8B22-AA8639E02451} = {11D1CA96-82E8-4820-A59E-DA07C0470B0C}
		{9C28B488-4FFA-4570-9AA3-306E0E7B3C3C} = {1D50F913-DEEC-4058-8B22-AA8639E02451}
		{3A1AC965-0417-49EF-9B28-E907EB7FC79A} = {1D50F913-DEEC-4058-8B22-AA8639E02451}
		{477E6339-D55D-448B-990A-76D4C93ACFB4} = {05965E14-CA7F-445C-9C4B-9B19786DF3A9}
		{61BF0CBD-10D4-4428-BBA1-44A1DB8F307E} = {05965E14-CA7F-445C-9C4B-9B19786DF3A9}
		{2FC310DA-4280-4E8E-AA9D-3449B9111F2E} = {61BF0CBD-10D4-4428-BBA1-44A1DB8F307E}
		{E911C9AF-ECC3-48A4-B16E-C62C7BB63117} = {477E6339-D55D-448B-990A-76D4C93ACFB4}
	EndGlobalSection
EndGlobal
